
Microsoft Visual Studio Solution File, Format Version 12.00
# Visual Studio Version 17
VisualStudioVersion = 17.0.31903.59
MinimumVisualStudioVersion = 10.0.40219.1
Project("{2150E333-8FDC-42A3-9474-1A3956D46DE8}") = "CLI", "CLI", "{5A8F90BE-257A-4525-BC89-EE435E6BDD25}"
EndProject
Project("{9A19103F-16F7-4668-BE54-9A1E7A4F7556}") = "CliApp", "CLI\CliApp\CliApp.csproj", "{4D458132-418C-4261-BD82-4D23EABCD4A5}"
EndProject
Project("{9A19103F-16F7-4668-BE54-9A1E7A4F7556}") = "Shared", "CLI\Shared\Shared.csproj", "{B006E0A1-78A3-4572-B52C-38BF35A54082}"
EndProject
Project("{2150E333-8FDC-42A3-9474-1A3956D46DE8}") = "GitHooks", "GitHooks", "{7C92A305-653C-4DBA-8E2B-ACF95AC79D62}"
EndProject
Project("{9A19103F-16F7-4668-BE54-9A1E7A4F7556}") = "Tests", "CLI\Tests\Tests.csproj", "{5B90ED4E-7AFF-468C-B89F-95573E9A9A61}"
EndProject
Project("{9A19103F-16F7-4668-BE54-9A1E7A4F7556}") = "CommitMsgApp", "CLI\GitHooks\CommitMsgApp\CommitMsgApp.csproj", "{C7A1DBBA-C815-407A-A9C6-65F317BC3612}"
EndProject
Project("{9A19103F-16F7-4668-BE54-9A1E7A4F7556}") = "PostCommitMsgApp", "CLI\GitHooks\PostCommitMsgApp\PostCommitMsgApp.csproj", "{3268E21E-F60B-4BC6-A698-44EEDC3FA055}"
EndProject
Project("{FAE04EC0-301F-11D3-BF4B-00C04F79EFBC}") = "OpenaiSummarizer", "CLI\OpenaiSummarizer\OpenaiSummarizer.csproj", "{D5015F74-BC12-4796-8308-361D9509C949}"
EndProject
Global
	GlobalSection(SolutionConfigurationPlatforms) = preSolution
		Debug|Any CPU = Debug|Any CPU
		Release|Any CPU = Release|Any CPU
	EndGlobalSection
	GlobalSection(ProjectConfigurationPlatforms) = postSolution
		{4D458132-418C-4261-BD82-4D23EABCD4A5}.Debug|Any CPU.ActiveCfg = Debug|Any CPU
		{4D458132-418C-4261-BD82-4D23EABCD4A5}.Debug|Any CPU.Build.0 = Debug|Any CPU
		{4D458132-418C-4261-BD82-4D23EABCD4A5}.Release|Any CPU.ActiveCfg = Release|Any CPU
		{4D458132-418C-4261-BD82-4D23EABCD4A5}.Release|Any CPU.Build.0 = Release|Any CPU
		{B006E0A1-78A3-4572-B52C-38BF35A54082}.Debug|Any CPU.ActiveCfg = Debug|Any CPU
		{B006E0A1-78A3-4572-B52C-38BF35A54082}.Debug|Any CPU.Build.0 = Debug|Any CPU
		{B006E0A1-78A3-4572-B52C-38BF35A54082}.Release|Any CPU.ActiveCfg = Release|Any CPU
		{B006E0A1-78A3-4572-B52C-38BF35A54082}.Release|Any CPU.Build.0 = Release|Any CPU
		{5B90ED4E-7AFF-468C-B89F-95573E9A9A61}.Debug|Any CPU.ActiveCfg = Debug|Any CPU
		{5B90ED4E-7AFF-468C-B89F-95573E9A9A61}.Debug|Any CPU.Build.0 = Debug|Any CPU
		{5B90ED4E-7AFF-468C-B89F-95573E9A9A61}.Release|Any CPU.ActiveCfg = Release|Any CPU
		{5B90ED4E-7AFF-468C-B89F-95573E9A9A61}.Release|Any CPU.Build.0 = Release|Any CPU
		{C7A1DBBA-C815-407A-A9C6-65F317BC3612}.Debug|Any CPU.ActiveCfg = Debug|Any CPU
		{C7A1DBBA-C815-407A-A9C6-65F317BC3612}.Debug|Any CPU.Build.0 = Debug|Any CPU
		{C7A1DBBA-C815-407A-A9C6-65F317BC3612}.Release|Any CPU.ActiveCfg = Release|Any CPU
		{C7A1DBBA-C815-407A-A9C6-65F317BC3612}.Release|Any CPU.Build.0 = Release|Any CPU
		{3268E21E-F60B-4BC6-A698-44EEDC3FA055}.Debug|Any CPU.ActiveCfg = Debug|Any CPU
		{3268E21E-F60B-4BC6-A698-44EEDC3FA055}.Debug|Any CPU.Build.0 = Debug|Any CPU
		{3268E21E-F60B-4BC6-A698-44EEDC3FA055}.Release|Any CPU.ActiveCfg = Release|Any CPU
		{3268E21E-F60B-4BC6-A698-44EEDC3FA055}.Release|Any CPU.Build.0 = Release|Any CPU
		{D5015F74-BC12-4796-8308-361D9509C949}.Debug|Any CPU.ActiveCfg = Debug|Any CPU
		{D5015F74-BC12-4796-8308-361D9509C949}.Debug|Any CPU.Build.0 = Debug|Any CPU
		{D5015F74-BC12-4796-8308-361D9509C949}.Release|Any CPU.ActiveCfg = Release|Any CPU
		{D5015F74-BC12-4796-8308-361D9509C949}.Release|Any CPU.Build.0 = Release|Any CPU
	EndGlobalSection
	GlobalSection(SolutionProperties) = preSolution
		HideSolutionNode = FALSE
	EndGlobalSection
	GlobalSection(NestedProjects) = preSolution
		{4D458132-418C-4261-BD82-4D23EABCD4A5} = {5A8F90BE-257A-4525-BC89-EE435E6BDD25}
		{B006E0A1-78A3-4572-B52C-38BF35A54082} = {5A8F90BE-257A-4525-BC89-EE435E6BDD25}
		{7C92A305-653C-4DBA-8E2B-ACF95AC79D62} = {5A8F90BE-257A-4525-BC89-EE435E6BDD25}
		{5B90ED4E-7AFF-468C-B89F-95573E9A9A61} = {5A8F90BE-257A-4525-BC89-EE435E6BDD25}
		{C7A1DBBA-C815-407A-A9C6-65F317BC3612} = {7C92A305-653C-4DBA-8E2B-ACF95AC79D62}
		{3268E21E-F60B-4BC6-A698-44EEDC3FA055} = {7C92A305-653C-4DBA-8E2B-ACF95AC79D62}
		{D5015F74-BC12-4796-8308-361D9509C949} = {5A8F90BE-257A-4525-BC89-EE435E6BDD25}
	EndGlobalSection
	GlobalSection(ExtensibilityGlobals) = postSolution
		SolutionGuid = {6A56A16F-D3EC-4E56-A8D1-AFBB812FDC19}
	EndGlobalSection
EndGlobal
